
Microsoft Visual Studio Solution File, Format Version 12.00
# Visual Studio Version 17
VisualStudioVersion = 17.9.34728.123
MinimumVisualStudioVersion = 10.0.40219.1
Project("{FAE04EC0-301F-11D3-BF4B-00C04F79EFBC}") = "kimMilyonerOlmakIster", "kimMilyonerOlmakIster\kimMilyonerOlmakIster.csproj", "{62983CE4-2E9B-4B73-80EF-AF67A075515A}"
EndProject
Global
	GlobalSection(SolutionConfigurationPlatforms) = preSolution
		Debug|Any CPU = Debug|Any CPU
		Release|Any CPU = Release|Any CPU
	EndGlobalSection
	GlobalSection(ProjectConfigurationPlatforms) = postSolution
		{62983CE4-2E9B-4B73-80EF-AF67A075515A}.Debug|Any CPU.ActiveCfg = Debug|Any CPU
		{62983CE4-2E9B-4B73-80EF-AF67A075515A}.Debug|Any CPU.Build.0 = Debug|Any CPU
		{62983CE4-2E9B-4B73-80EF-AF67A075515A}.Release|Any CPU.ActiveCfg = Release|Any CPU
		{62983CE4-2E9B-4B73-80EF-AF67A075515A}.Release|Any CPU.Build.0 = Release|Any CPU
	EndGlobalSection
	GlobalSection(SolutionProperties) = preSolution
		HideSolutionNode = FALSE
	EndGlobalSection
	GlobalSection(ExtensibilityGlobals) = postSolution
		SolutionGuid = {EBDAA404-F2B5-45FC-B2E6-DAA20678127F}
	EndGlobalSection
EndGlobal
